
Microsoft Visual Studio Solution File, Format Version 12.00
# Visual Studio Version 17
VisualStudioVersion = 17.6.33815.320
MinimumVisualStudioVersion = 10.0.40219.1
Project("{9A19103F-16F7-4668-BE54-9A1E7A4F7556}") = "Modul.7.OOP", "Modul.7.OOP\Modul.7.OOP.csproj", "{D2A73424-47EB-461C-A6EA-49DCC2F6F1BE}"
EndProject
Project("{9A19103F-16F7-4668-BE54-9A1E7A4F7556}") = "7.1.14.Modul.7", "7.1.14.Modul.7\7.1.14.Modul.7.csproj", "{7D8C7715-6604-4C90-AB1B-8A120FDD3446}"
EndProject
Project("{9A19103F-16F7-4668-BE54-9A1E7A4F7556}") = "pereopredelenie", "pereopredelenie\pereopredelenie.csproj", "{D201C60E-D6C0-48A0-9107-BFDEA373F897}"
EndProject
Project("{9A19103F-16F7-4668-BE54-9A1E7A4F7556}") = "Citizen.CivilServant.President", "Citizen.CivilServant.President\Citizen.CivilServant.President.csproj", "{9681FD45-20CA-4657-B371-59280FC96A02}"
EndProject
Project("{FAE04EC0-301F-11D3-BF4B-00C04F79EFBC}") = "Sokritie", "Sokritie\Sokritie.csproj", "{BE996915-E038-4B65-9856-DB093B601D1F}"
EndProject
Project("{FAE04EC0-301F-11D3-BF4B-00C04F79EFBC}") = "Vector", "Vector\Vector.csproj", "{F12BA89F-8B02-4B1F-A674-DB719B294954}"
EndProject
Project("{FAE04EC0-301F-11D3-BF4B-00C04F79EFBC}") = "Book.Collection", "Book.Collection\Book.Collection.csproj", "{CFE04871-BDF4-4065-8A48-5F90E0E78917}"
EndProject
Global
	GlobalSection(SolutionConfigurationPlatforms) = preSolution
		Debug|Any CPU = Debug|Any CPU
		Release|Any CPU = Release|Any CPU
	EndGlobalSection
	GlobalSection(ProjectConfigurationPlatforms) = postSolution
		{D2A73424-47EB-461C-A6EA-49DCC2F6F1BE}.Debug|Any CPU.ActiveCfg = Debug|Any CPU
		{D2A73424-47EB-461C-A6EA-49DCC2F6F1BE}.Debug|Any CPU.Build.0 = Debug|Any CPU
		{D2A73424-47EB-461C-A6EA-49DCC2F6F1BE}.Release|Any CPU.ActiveCfg = Release|Any CPU
		{D2A73424-47EB-461C-A6EA-49DCC2F6F1BE}.Release|Any CPU.Build.0 = Release|Any CPU
		{7D8C7715-6604-4C90-AB1B-8A120FDD3446}.Debug|Any CPU.ActiveCfg = Debug|Any CPU
		{7D8C7715-6604-4C90-AB1B-8A120FDD3446}.Debug|Any CPU.Build.0 = Debug|Any CPU
		{7D8C7715-6604-4C90-AB1B-8A120FDD3446}.Release|Any CPU.ActiveCfg = Release|Any CPU
		{7D8C7715-6604-4C90-AB1B-8A120FDD3446}.Release|Any CPU.Build.0 = Release|Any CPU
		{D201C60E-D6C0-48A0-9107-BFDEA373F897}.Debug|Any CPU.ActiveCfg = Debug|Any CPU
		{D201C60E-D6C0-48A0-9107-BFDEA373F897}.Debug|Any CPU.Build.0 = Debug|Any CPU
		{D201C60E-D6C0-48A0-9107-BFDEA373F897}.Release|Any CPU.ActiveCfg = Release|Any CPU
		{D201C60E-D6C0-48A0-9107-BFDEA373F897}.Release|Any CPU.Build.0 = Release|Any CPU
		{9681FD45-20CA-4657-B371-59280FC96A02}.Debug|Any CPU.ActiveCfg = Debug|Any CPU
		{9681FD45-20CA-4657-B371-59280FC96A02}.Debug|Any CPU.Build.0 = Debug|Any CPU
		{9681FD45-20CA-4657-B371-59280FC96A02}.Release|Any CPU.ActiveCfg = Release|Any CPU
		{9681FD45-20CA-4657-B371-59280FC96A02}.Release|Any CPU.Build.0 = Release|Any CPU
		{BE996915-E038-4B65-9856-DB093B601D1F}.Debug|Any CPU.ActiveCfg = Debug|Any CPU
		{BE996915-E038-4B65-9856-DB093B601D1F}.Debug|Any CPU.Build.0 = Debug|Any CPU
		{BE996915-E038-4B65-9856-DB093B601D1F}.Release|Any CPU.ActiveCfg = Release|Any CPU
		{BE996915-E038-4B65-9856-DB093B601D1F}.Release|Any CPU.Build.0 = Release|Any CPU
		{F12BA89F-8B02-4B1F-A674-DB719B294954}.Debug|Any CPU.ActiveCfg = Debug|Any CPU
		{F12BA89F-8B02-4B1F-A674-DB719B294954}.Debug|Any CPU.Build.0 = Debug|Any CPU
		{F12BA89F-8B02-4B1F-A674-DB719B294954}.Release|Any CPU.ActiveCfg = Release|Any CPU
		{F12BA89F-8B02-4B1F-A674-DB719B294954}.Release|Any CPU.Build.0 = Release|Any CPU
		{CFE04871-BDF4-4065-8A48-5F90E0E78917}.Debug|Any CPU.ActiveCfg = Debug|Any CPU
		{CFE04871-BDF4-4065-8A48-5F90E0E78917}.Debug|Any CPU.Build.0 = Debug|Any CPU
		{CFE04871-BDF4-4065-8A48-5F90E0E78917}.Release|Any CPU.ActiveCfg = Release|Any CPU
		{CFE04871-BDF4-4065-8A48-5F90E0E78917}.Release|Any CPU.Build.0 = Release|Any CPU
	EndGlobalSection
	GlobalSection(SolutionProperties) = preSolution
		HideSolutionNode = FALSE
	EndGlobalSection
	GlobalSection(ExtensibilityGlobals) = postSolution
		SolutionGuid = {E056655E-F064-439F-A9F7-BAE00A0BA37E}
	EndGlobalSection
EndGlobal
